// !$*UTF8*$!
{
	archiveVersion = 1;
	classes = {
	};
	objectVersion = 50;
	objects = {

/* Begin PBXBuildFile section */
		6F2030832387300A00707C4B /* AppDelegate.swift in Sources */ = {isa = PBXBuildFile; fileRef = 6F2030822387300A00707C4B /* AppDelegate.swift */; };
		6F2030852387300A00707C4B /* SceneDelegate.swift in Sources */ = {isa = PBXBuildFile; fileRef = 6F2030842387300A00707C4B /* SceneDelegate.swift */; };
		6F2030872387300A00707C4B /* ViewController.swift in Sources */ = {isa = PBXBuildFile; fileRef = 6F2030862387300A00707C4B /* ViewController.swift */; };
		6F20308A2387300A00707C4B /* Main.storyboard in Resources */ = {isa = PBXBuildFile; fileRef = 6F2030882387300A00707C4B /* Main.storyboard */; };
		6F20308C2387300B00707C4B /* Assets.xcassets in Resources */ = {isa = PBXBuildFile; fileRef = 6F20308B2387300B00707C4B /* Assets.xcassets */; };
		6F20308F2387300B00707C4B /* LaunchScreen.storyboard in Resources */ = {isa = PBXBuildFile; fileRef = 6F20308D2387300B00707C4B /* LaunchScreen.storyboard */; };
		6F8F9F9D238892DF0000BB26 /* WeatherViewController.swift in Sources */ = {isa = PBXBuildFile; fileRef = 6F8F9F9C238892DF0000BB26 /* WeatherViewController.swift */; };
		6FA51E4B23FD763900160A77 /* ForecastParser.swift in Sources */ = {isa = PBXBuildFile; fileRef = 6FA51E4A23FD763900160A77 /* ForecastParser.swift */; };
		6FA51E5123FD97C100160A77 /* keys.plist in Resources */ = {isa = PBXBuildFile; fileRef = 6FA51E5023FD97C100160A77 /* keys.plist */; };
		6FA51E5323FD9EA500160A77 /* TableViewCell.swift in Sources */ = {isa = PBXBuildFile; fileRef = 6FA51E5223FD9EA500160A77 /* TableViewCell.swift */; };
		6FB5A5A2238963F4000F2CC5 /* JsonParser.swift in Sources */ = {isa = PBXBuildFile; fileRef = 6FB5A5A1238963F4000F2CC5 /* JsonParser.swift */; };
		ADC9BB4422F52661D89782F0 /* Pods_WeatherApp.framework in Frameworks */ = {isa = PBXBuildFile; fileRef = 8CC550AA918A219A39B94CF5 /* Pods_WeatherApp.framework */; };
/* End PBXBuildFile section */

/* Begin PBXFileReference section */
		49741E68C5B4A24B368847DB /* Pods-WeatherApp.debug.xcconfig */ = {isa = PBXFileReference; includeInIndex = 1; lastKnownFileType = text.xcconfig; name = "Pods-WeatherApp.debug.xcconfig"; path = "Target Support Files/Pods-WeatherApp/Pods-WeatherApp.debug.xcconfig"; sourceTree = "<group>"; };
		6F20307F2387300A00707C4B /* WeatherApp.app */ = {isa = PBXFileReference; explicitFileType = wrapper.application; includeInIndex = 0; path = WeatherApp.app; sourceTree = BUILT_PRODUCTS_DIR; };
		6F2030822387300A00707C4B /* AppDelegate.swift */ = {isa = PBXFileReference; lastKnownFileType = sourcecode.swift; path = AppDelegate.swift; sourceTree = "<group>"; };
		6F2030842387300A00707C4B /* SceneDelegate.swift */ = {isa = PBXFileReference; lastKnownFileType = sourcecode.swift; path = SceneDelegate.swift; sourceTree = "<group>"; };
		6F2030862387300A00707C4B /* ViewController.swift */ = {isa = PBXFileReference; lastKnownFileType = sourcecode.swift; path = ViewController.swift; sourceTree = "<group>"; };
		6F2030892387300A00707C4B /* Base */ = {isa = PBXFileReference; lastKnownFileType = file.storyboard; name = Base; path = Base.lproj/Main.storyboard; sourceTree = "<group>"; };
		6F20308B2387300B00707C4B /* Assets.xcassets */ = {isa = PBXFileReference; lastKnownFileType = folder.assetcatalog; path = Assets.xcassets; sourceTree = "<group>"; };
		6F20308E2387300B00707C4B /* Base */ = {isa = PBXFileReference; lastKnownFileType = file.storyboard; name = Base; path = Base.lproj/LaunchScreen.storyboard; sourceTree = "<group>"; };
		6F2030902387300B00707C4B /* Info.plist */ = {isa = PBXFileReference; lastKnownFileType = text.plist.xml; path = Info.plist; sourceTree = "<group>"; };
		6F8F9F9C238892DF0000BB26 /* WeatherViewController.swift */ = {isa = PBXFileReference; lastKnownFileType = sourcecode.swift; path = WeatherViewController.swift; sourceTree = "<group>"; };
		6FA51E4A23FD763900160A77 /* ForecastParser.swift */ = {isa = PBXFileReference; lastKnownFileType = sourcecode.swift; path = ForecastParser.swift; sourceTree = "<group>"; };
		6FA51E4C23FD7EEE00160A77 /* MontserratAlternates-Thin.otf */ = {isa = PBXFileReference; lastKnownFileType = file; name = "MontserratAlternates-Thin.otf"; path = "../../../montserrat/MontserratAlternates-Thin.otf"; sourceTree = "<group>"; };
		6FA51E4D23FD7F0700160A77 /* Montserrat-Regular.otf */ = {isa = PBXFileReference; lastKnownFileType = file; name = "Montserrat-Regular.otf"; path = "../../../montserrat/Montserrat-Regular.otf"; sourceTree = "<group>"; };
		6FA51E5023FD97C100160A77 /* keys.plist */ = {isa = PBXFileReference; lastKnownFileType = text.plist.xml; path = keys.plist; sourceTree = "<group>"; };
		6FA51E5223FD9EA500160A77 /* TableViewCell.swift */ = {isa = PBXFileReference; lastKnownFileType = sourcecode.swift; path = TableViewCell.swift; sourceTree = "<group>"; };
		6FB5A5A1238963F4000F2CC5 /* JsonParser.swift */ = {isa = PBXFileReference; lastKnownFileType = sourcecode.swift; path = JsonParser.swift; sourceTree = "<group>"; };
		8CC550AA918A219A39B94CF5 /* Pods_WeatherApp.framework */ = {isa = PBXFileReference; explicitFileType = wrapper.framework; includeInIndex = 0; path = Pods_WeatherApp.framework; sourceTree = BUILT_PRODUCTS_DIR; };
		F2BA8DF0136EB7BDDDD5FCDC /* Pods-WeatherApp.release.xcconfig */ = {isa = PBXFileReference; includeInIndex = 1; lastKnownFileType = text.xcconfig; name = "Pods-WeatherApp.release.xcconfig"; path = "Target Support Files/Pods-WeatherApp/Pods-WeatherApp.release.xcconfig"; sourceTree = "<group>"; };
/* End PBXFileReference section */

/* Begin PBXFrameworksBuildPhase section */
		6F20307C2387300A00707C4B /* Frameworks */ = {
			isa = PBXFrameworksBuildPhase;
			buildActionMask = 2147483647;
			files = (
				ADC9BB4422F52661D89782F0 /* Pods_WeatherApp.framework in Frameworks */,
			);
			runOnlyForDeploymentPostprocessing = 0;
		};
/* End PBXFrameworksBuildPhase section */

/* Begin PBXGroup section */
		57F72E8F87CE0B4B5DE1836C /* Frameworks */ = {
			isa = PBXGroup;
			children = (
				8CC550AA918A219A39B94CF5 /* Pods_WeatherApp.framework */,
			);
			name = Frameworks;
			sourceTree = "<group>";
		};
		6F2030762387300A00707C4B = {
			isa = PBXGroup;
			children = (
				6F2030812387300A00707C4B /* WeatherApp */,
				6F2030802387300A00707C4B /* Products */,
				C1E794D6070CA5657B5B6904 /* Pods */,
				57F72E8F87CE0B4B5DE1836C /* Frameworks */,
			);
			sourceTree = "<group>";
		};
		6F2030802387300A00707C4B /* Products */ = {
			isa = PBXGroup;
			children = (
				6F20307F2387300A00707C4B /* WeatherApp.app */,
			);
			name = Products;
			sourceTree = "<group>";
		};
		6F2030812387300A00707C4B /* WeatherApp */ = {
			isa = PBXGroup;
			children = (
				6F2030822387300A00707C4B /* AppDelegate.swift */,
				6F2030842387300A00707C4B /* SceneDelegate.swift */,
				6F2030862387300A00707C4B /* ViewController.swift */,
				6F8F9F9C238892DF0000BB26 /* WeatherViewController.swift */,
				6FB5A5A1238963F4000F2CC5 /* JsonParser.swift */,
				6FA51E4A23FD763900160A77 /* ForecastParser.swift */,
				6FA51E5223FD9EA500160A77 /* TableViewCell.swift */,
				6F2030882387300A00707C4B /* Main.storyboard */,
				6F20308B2387300B00707C4B /* Assets.xcassets */,
				6F20308D2387300B00707C4B /* LaunchScreen.storyboard */,
				6F2030902387300B00707C4B /* Info.plist */,
				6FA51E5023FD97C100160A77 /* keys.plist */,
				6F816486239078F100B14B49 /* Fonts */,
			);
			path = WeatherApp;
			sourceTree = "<group>";
		};
		6F816486239078F100B14B49 /* Fonts */ = {
			isa = PBXGroup;
			children = (
				6FA51E4D23FD7F0700160A77 /* Montserrat-Regular.otf */,
				6FA51E4C23FD7EEE00160A77 /* MontserratAlternates-Thin.otf */,
			);
			path = Fonts;
			sourceTree = "<group>";
		};
		C1E794D6070CA5657B5B6904 /* Pods */ = {
			isa = PBXGroup;
			children = (
				49741E68C5B4A24B368847DB /* Pods-WeatherApp.debug.xcconfig */,
				F2BA8DF0136EB7BDDDD5FCDC /* Pods-WeatherApp.release.xcconfig */,
			);
			path = Pods;
			sourceTree = "<group>";
		};
/* End PBXGroup section */

/* Begin PBXNativeTarget section */
		6F20307E2387300A00707C4B /* WeatherApp */ = {
			isa = PBXNativeTarget;
			buildConfigurationList = 6F2030932387300B00707C4B /* Build configuration list for PBXNativeTarget "WeatherApp" */;
			buildPhases = (
				02A758C0ED293C9899AD9EEB /* [CP] Check Pods Manifest.lock */,
				6F20307B2387300A00707C4B /* Sources */,
				6F20307C2387300A00707C4B /* Frameworks */,
				6F20307D2387300A00707C4B /* Resources */,
			);
			buildRules = (
			);
			dependencies = (
			);
			name = WeatherApp;
			productName = WeatherApp;
			productReference = 6F20307F2387300A00707C4B /* WeatherApp.app */;
			productType = "com.apple.product-type.application";
		};
/* End PBXNativeTarget section */

/* Begin PBXProject section */
		6F2030772387300A00707C4B /* Project object */ = {
			isa = PBXProject;
			attributes = {
				LastSwiftUpdateCheck = 1110;
				LastUpgradeCheck = 1110;
				ORGANIZATIONNAME = Dawid;
				TargetAttributes = {
					6F20307E2387300A00707C4B = {
						CreatedOnToolsVersion = 11.1;
					};
				};
			};
			buildConfigurationList = 6F20307A2387300A00707C4B /* Build configuration list for PBXProject "WeatherApp" */;
			compatibilityVersion = "Xcode 9.3";
			developmentRegion = en;
			hasScannedForEncodings = 0;
			knownRegions = (
				en,
				Base,
			);
			mainGroup = 6F2030762387300A00707C4B;
			productRefGroup = 6F2030802387300A00707C4B /* Products */;
			projectDirPath = "";
			projectRoot = "";
			targets = (
				6F20307E2387300A00707C4B /* WeatherApp */,
			);
		};
/* End PBXProject section */

/* Begin PBXResourcesBuildPhase section */
		6F20307D2387300A00707C4B /* Resources */ = {
			isa = PBXResourcesBuildPhase;
			buildActionMask = 2147483647;
			files = (
				6FA51E5123FD97C100160A77 /* keys.plist in Resources */,
				6F20308F2387300B00707C4B /* LaunchScreen.storyboard in Resources */,
				6F20308C2387300B00707C4B /* Assets.xcassets in Resources */,
				6F20308A2387300A00707C4B /* Main.storyboard in Resources */,
			);
			runOnlyForDeploymentPostprocessing = 0;
		};
/* End PBXResourcesBuildPhase section */

/* Begin PBXShellScriptBuildPhase section */
		02A758C0ED293C9899AD9EEB /* [CP] Check Pods Manifest.lock */ = {
			isa = PBXShellScriptBuildPhase;
			buildActionMask = 2147483647;
			files = (
			);
			inputFileListPaths = (
			);
			inputPaths = (
				"${PODS_PODFILE_DIR_PATH}/Podfile.lock",
				"${PODS_ROOT}/Manifest.lock",
			);
			name = "[CP] Check Pods Manifest.lock";
			outputFileListPaths = (
			);
			outputPaths = (
				"$(DERIVED_FILE_DIR)/Pods-WeatherApp-checkManifestLockResult.txt",
			);
			runOnlyForDeploymentPostprocessing = 0;
			shellPath = /bin/sh;
			shellScript = "diff \"${PODS_PODFILE_DIR_PATH}/Podfile.lock\" \"${PODS_ROOT}/Manifest.lock\" > /dev/null\nif [ $? != 0 ] ; then\n    # print error to STDERR\n    echo \"error: The sandbox is not in sync with the Podfile.lock. Run 'pod install' or update your CocoaPods installation.\" >&2\n    exit 1\nfi\n# This output is used by Xcode 'outputs' to avoid re-running this script phase.\necho \"SUCCESS\" > \"${SCRIPT_OUTPUT_FILE_0}\"\n";
			showEnvVarsInLog = 0;
		};
/* End PBXShellScriptBuildPhase section */

/* Begin PBXSourcesBuildPhase section */
		6F20307B2387300A00707C4B /* Sources */ = {
			isa = PBXSourcesBuildPhase;
			buildActionMask = 2147483647;
			files = (
				6F2030872387300A00707C4B /* ViewController.swift in Sources */,
				6FA51E4B23FD763900160A77 /* ForecastParser.swift in Sources */,
				6FB5A5A2238963F4000F2CC5 /* JsonParser.swift in Sources */,
				6F8F9F9D238892DF0000BB26 /* WeatherViewController.swift in Sources */,
				6F2030832387300A00707C4B /* AppDelegate.swift in Sources */,
				6FA51E5323FD9EA500160A77 /* TableViewCell.swift in Sources */,
				6F2030852387300A00707C4B /* SceneDelegate.swift in Sources */,
			);
			runOnlyForDeploymentPostprocessing = 0;
		};
/* End PBXSourcesBuildPhase section */

/* Begin PBXVariantGroup section */
		6F2030882387300A00707C4B /* Main.storyboard */ = {
			isa = PBXVariantGroup;
			children = (
				6F2030892387300A00707C4B /* Base */,
			);
			name = Main.storyboard;
			sourceTree = "<group>";
		};
		6F20308D2387300B00707C4B /* LaunchScreen.storyboard */ = {
			isa = PBXVariantGroup;
			children = (
				6F20308E2387300B00707C4B /* Base */,
			);
			name = LaunchScreen.storyboard;
			sourceTree = "<group>";
		};
/* End PBXVariantGroup section */

/* Begin XCBuildConfiguration section */
		6F2030912387300B00707C4B /* Debug */ = {
			isa = XCBuildConfiguration;
			buildSettings = {
				ALWAYS_SEARCH_USER_PATHS = NO;
				CLANG_ANALYZER_NONNULL = YES;
				CLANG_ANALYZER_NUMBER_OBJECT_CONVERSION = YES_AGGRESSIVE;
				CLANG_CXX_LANGUAGE_STANDARD = "gnu++14";
				CLANG_CXX_LIBRARY = "libc++";
				CLANG_ENABLE_MODULES = YES;
				CLANG_ENABLE_OBJC_ARC = YES;
				CLANG_ENABLE_OBJC_WEAK = YES;
				CLANG_WARN_BLOCK_CAPTURE_AUTORELEASING = YES;
				CLANG_WARN_BOOL_CONVERSION = YES;
				CLANG_WARN_COMMA = YES;
				CLANG_WARN_CONSTANT_CONVERSION = YES;
				CLANG_WARN_DEPRECATED_OBJC_IMPLEMENTATIONS = YES;
				CLANG_WARN_DIRECT_OBJC_ISA_USAGE = YES_ERROR;
				CLANG_WARN_DOCUMENTATION_COMMENTS = YES;
				CLANG_WARN_EMPTY_BODY = YES;
				CLANG_WARN_ENUM_CONVERSION = YES;
				CLANG_WARN_INFINITE_RECURSION = YES;
				CLANG_WARN_INT_CONVERSION = YES;
				CLANG_WARN_NON_LITERAL_NULL_CONVERSION = YES;
				CLANG_WARN_OBJC_IMPLICIT_RETAIN_SELF = YES;
				CLANG_WARN_OBJC_LITERAL_CONVERSION = YES;
				CLANG_WARN_OBJC_ROOT_CLASS = YES_ERROR;
				CLANG_WARN_RANGE_LOOP_ANALYSIS = YES;
				CLANG_WARN_STRICT_PROTOTYPES = YES;
				CLANG_WARN_SUSPICIOUS_MOVE = YES;
				CLANG_WARN_UNGUARDED_AVAILABILITY = YES_AGGRESSIVE;
				CLANG_WARN_UNREACHABLE_CODE = YES;
				CLANG_WARN__DUPLICATE_METHOD_MATCH = YES;
				COPY_PHASE_STRIP = NO;
				DEBUG_INFORMATION_FORMAT = dwarf;
				ENABLE_STRICT_OBJC_MSGSEND = YES;
				ENABLE_TESTABILITY = YES;
				GCC_C_LANGUAGE_STANDARD = gnu11;
				GCC_DYNAMIC_NO_PIC = NO;
				GCC_NO_COMMON_BLOCKS = YES;
				GCC_OPTIMIZATION_LEVEL = 0;
				GCC_PREPROCESSOR_DEFINITIONS = (
					"DEBUG=1",
					"$(inherited)",
				);
				GCC_WARN_64_TO_32_BIT_CONVERSION = YES;
				GCC_WARN_ABOUT_RETURN_TYPE = YES_ERROR;
				GCC_WARN_UNDECLARED_SELECTOR = YES;
				GCC_WARN_UNINITIALIZED_AUTOS = YES_AGGRESSIVE;
				GCC_WARN_UNUSED_FUNCTION = YES;
				GCC_WARN_UNUSED_VARIABLE = YES;
				IPHONEOS_DEPLOYMENT_TARGET = 13.1;
				MTL_ENABLE_DEBUG_INFO = INCLUDE_SOURCE;
				MTL_FAST_MATH = YES;
				ONLY_ACTIVE_ARCH = YES;
				SDKROOT = iphoneos;
				SWIFT_ACTIVE_COMPILATION_CONDITIONS = DEBUG;
				SWIFT_OPTIMIZATION_LEVEL = "-Onone";
			};
			name = Debug;
		};
		6F2030922387300B00707C4B /* Release */ = {
			isa = XCBuildConfiguration;
			buildSettings = {
				ALWAYS_SEARCH_USER_PATHS = NO;
				CLANG_ANALYZER_NONNULL = YES;
				CLANG_ANALYZER_NUMBER_OBJECT_CONVERSION = YES_AGGRESSIVE;
				CLANG_CXX_LANGUAGE_STANDARD = "gnu++14";
				CLANG_CXX_LIBRARY = "libc++";
				CLANG_ENABLE_MODULES = YES;
				CLANG_ENABLE_OBJC_ARC = YES;
				CLANG_ENABLE_OBJC_WEAK = YES;
				CLANG_WARN_BLOCK_CAPTURE_AUTORELEASING = YES;
				CLANG_WARN_BOOL_CONVERSION = YES;
				CLANG_WARN_COMMA = YES;
				CLANG_WARN_CONSTANT_CONVERSION = YES;
				CLANG_WARN_DEPRECATED_OBJC_IMPLEMENTATIONS = YES;
				CLANG_WARN_DIRECT_OBJC_ISA_USAGE = YES_ERROR;
				CLANG_WARN_DOCUMENTATION_COMMENTS = YES;
				CLANG_WARN_EMPTY_BODY = YES;
				CLANG_WARN_ENUM_CONVERSION = YES;
				CLANG_WARN_INFINITE_RECURSION = YES;
				CLANG_WARN_INT_CONVERSION = YES;
				CLANG_WARN_NON_LITERAL_NULL_CONVERSION = YES;
				CLANG_WARN_OBJC_IMPLICIT_RETAIN_SELF = YES;
				CLANG_WARN_OBJC_LITERAL_CONVERSION = YES;
				CLANG_WARN_OBJC_ROOT_CLASS = YES_ERROR;
				CLANG_WARN_RANGE_LOOP_ANALYSIS = YES;
				CLANG_WARN_STRICT_PROTOTYPES = YES;
				CLANG_WARN_SUSPICIOUS_MOVE = YES;
				CLANG_WARN_UNGUARDED_AVAILABILITY = YES_AGGRESSIVE;
				CLANG_WARN_UNREACHABLE_CODE = YES;
				CLANG_WARN__DUPLICATE_METHOD_MATCH = YES;
				COPY_PHASE_STRIP = NO;
				DEBUG_INFORMATION_FORMAT = "dwarf-with-dsym";
				ENABLE_NS_ASSERTIONS = NO;
				ENABLE_STRICT_OBJC_MSGSEND = YES;
				GCC_C_LANGUAGE_STANDARD = gnu11;
				GCC_NO_COMMON_BLOCKS = YES;
				GCC_WARN_64_TO_32_BIT_CONVERSION = YES;
				GCC_WARN_ABOUT_RETURN_TYPE = YES_ERROR;
				GCC_WARN_UNDECLARED_SELECTOR = YES;
				GCC_WARN_UNINITIALIZED_AUTOS = YES_AGGRESSIVE;
				GCC_WARN_UNUSED_FUNCTION = YES;
				GCC_WARN_UNUSED_VARIABLE = YES;
				IPHONEOS_DEPLOYMENT_TARGET = 13.1;
				MTL_ENABLE_DEBUG_INFO = NO;
				MTL_FAST_MATH = YES;
				SDKROOT = iphoneos;
				SWIFT_COMPILATION_MODE = wholemodule;
				SWIFT_OPTIMIZATION_LEVEL = "-O";
				VALIDATE_PRODUCT = YES;
			};
			name = Release;
		};
		6F2030942387300B00707C4B /* Debug */ = {
			isa = XCBuildConfiguration;
			baseConfigurationReference = 49741E68C5B4A24B368847DB /* Pods-WeatherApp.debug.xcconfig */;
			buildSettings = {
				ASSETCATALOG_COMPILER_APPICON_NAME = AppIcon;
				CODE_SIGN_STYLE = Automatic;
				DEVELOPMENT_TEAM = J94G6KLZC2;
				INFOPLIST_FILE = WeatherApp/Info.plist;
				LD_RUNPATH_SEARCH_PATHS = (
					"$(inherited)",
					"@executable_path/Frameworks",
				);
				PRODUCT_BUNDLE_IDENTIFIER = dawid.WeatherApp;
				PRODUCT_NAME = "$(TARGET_NAME)";
				SWIFT_VERSION = 5.0;
				TARGETED_DEVICE_FAMILY = "1,2";
			};
			name = Debug;
		};
		6F2030952387300B00707C4B /* Release */ = {
			isa = XCBuildConfiguration;
			baseConfigurationReference = F2BA8DF0136EB7BDDDD5FCDC /* Pods-WeatherApp.release.xcconfig */;
			buildSettings = {
				ASSETCATALOG_COMPILER_APPICON_NAME = AppIcon;
				CODE_SIGN_STYLE = Automatic;
				DEVELOPMENT_TEAM = J94G6KLZC2;
				INFOPLIST_FILE = WeatherApp/Info.plist;
				LD_RUNPATH_SEARCH_PATHS = (
					"$(inherited)",
					"@executable_path/Frameworks",
				);
				PRODUCT_BUNDLE_IDENTIFIER = dawid.WeatherApp;
				PRODUCT_NAME = "$(TARGET_NAME)";
				SWIFT_VERSION = 5.0;
				TARGETED_DEVICE_FAMILY = "1,2";
			};
			name = Release;
		};
/* End XCBuildConfiguration section */

/* Begin XCConfigurationList section */
		6F20307A2387300A00707C4B /* Build configuration list for PBXProject "WeatherApp" */ = {
			isa = XCConfigurationList;
			buildConfigurations = (
				6F2030912387300B00707C4B /* Debug */,
				6F2030922387300B00707C4B /* Release */,
			);
			defaultConfigurationIsVisible = 0;
			defaultConfigurationName = Release;
		};
		6F2030932387300B00707C4B /* Build configuration list for PBXNativeTarget "WeatherApp" */ = {
			isa = XCConfigurationList;
			buildConfigurations = (
				6F2030942387300B00707C4B /* Debug */,
				6F2030952387300B00707C4B /* Release */,
			);
			defaultConfigurationIsVisible = 0;
			defaultConfigurationName = Release;
		};
/* End XCConfigurationList section */
	};
	rootObject = 6F2030772387300A00707C4B /* Project object */;
}
